# @generated by Move, please check-in and do not edit manually.

[move]
version = 3
manifest_digest = "4E8D45B3FAC9B6BDFFF6ECA5DD7572CED1F75561B23B61503197B41AE61A200F"
deps_digest = "F8BBB0CCB2491CA29A3DF03D6F92277A4F3574266507ACD77214D37ECA3F3082"
dependencies = [
  { id = "Sui", name = "Sui" },
]

[[move.package]]
id = "MoveStdlib"
source = { git = "https://github.com/MystenLabs/sui.git", rev = "framework/mainnet", subdir = "crates\\sui-framework\\packages\\move-stdlib" }

[[move.package]]
id = "Sui"
source = { git = "https://github.com/MystenLabs/sui.git", rev = "framework/mainnet", subdir = "crates/sui-framework/packages/sui-framework" }

dependencies = [
  { id = "MoveStdlib", name = "MoveStdlib" },
]

[move.toolchain-version]
compiler-version = "1.62.0"
edition = "2024.beta"
flavor = "sui"

[env]

[env.testnet]
chain-id = "4c78adac"
original-published-id = "0x53c3c52ac53cc2e28850c24b342c9ca6eb2c395671f3bf0d4927248b4a9cd12e"
latest-published-id = "0x53c3c52ac53cc2e28850c24b342c9ca6eb2c395671f3bf0d4927248b4a9cd12e"
published-version = "1"
